{
  "SurveyEntry": {
    "SurveyID": "SV_cT0X9SSp3DlWBJI",
    "SurveyName": "NS-System-Evaluation",
    "SurveyDescription": null,
    "SurveyOwnerID": "UR_eeuldnllKZ8ONts",
    "SurveyBrandID": "rotman",
    "DivisionID": "DV_bvatnXzq2tkIVW5",
    "SurveyLanguage": "EN",
    "SurveyActiveResponseSet": "RS_bpARVOzWxbVM7D8",
    "SurveyStatus": "Active",
    "SurveyStartDate": "0000-00-00 00:00:00",
    "SurveyExpirationDate": "0000-00-00 00:00:00",
    "SurveyCreationDate": "2025-09-21 16:04:27",
    "CreatorID": "UR_eeuldnllKZ8ONts",
    "LastModified": "2025-09-22 17:18:08",
    "LastAccessed": "0000-00-00 00:00:00",
    "LastActivated": "2025-09-21 16:04:35",
    "Deleted": null
  },
  "SurveyElements": [
    {
      "SurveyID": "SV_cT0X9SSp3DlWBJI",
      "Element": "BL",
      "PrimaryAttribute": "Survey Blocks",
      "SecondaryAttribute": null,
      "TertiaryAttribute": null,
      "Payload": [
        {
          "Type": "Default",
          "Description": "Consent",
          "ID": "BL_eUKjjiShCrCZDQW",
          "BlockElements": [
            {
              "Type": "Question",
              "QuestionID": "QID1"
            }
          ]
        },
        {
          "Type": "Trash",
          "Description": "Trash / Unused Questions",
          "ID": "BL_eA1amcNa85HFUZo"
        },
        {
          "Type": "Standard",
          "SubType": "",
          "Description": "Screening",
          "ID": "BL_0p7ObuaSb16kdAW"
        },
        {
          "Type": "Standard",
          "SubType": "",
          "Description": "Set A",
          "ID": "BL_7aHncWIp5QIaTky",
          "BlockElements": [
            {
              "Type": "Question",
              "QuestionID": "QID4"
            },
            {
              "Type": "Question",
              "QuestionID": "QID2"
            },
            {
              "Type": "Question",
              "QuestionID": "QID3"
            },
            {
              "Type": "Page Break"
            },
            {
              "Type": "Question",
              "QuestionID": "QID5"
            },
            {
              "Type": "Question",
              "QuestionID": "QID6"
            }
          ]
        }
      ]
    },
    {
      "SurveyID": "SV_cT0X9SSp3DlWBJI",
      "Element": "FL",
      "PrimaryAttribute": "Survey Flow",
      "SecondaryAttribute": null,
      "TertiaryAttribute": null,
      "Payload": {
        "Flow": [
          {
            "ID": "BL_eUKjjiShCrCZDQW",
            "Type": "Block",
            "FlowID": "FL_2"
          },
          {
            "ID": "BL_0p7ObuaSb16kdAW",
            "Type": "Standard",
            "FlowID": "FL_3"
          },
          {
            "ID": "BL_7aHncWIp5QIaTky",
            "Type": "Standard",
            "FlowID": "FL_4"
          }
        ],
        "Properties": {
          "Count": 4
        },
        "FlowID": "FL_1",
        "Type": "Root"
      }
    },
    {
      "SurveyID": "SV_cT0X9SSp3DlWBJI",
      "Element": "PL",
      "PrimaryAttribute": "Preview Link",
      "SecondaryAttribute": null,
      "TertiaryAttribute": null,
      "Payload": {
        "PreviewType": "Brand",
        "PreviewID": "37bb5881-7c75-48e7-8a42-180814bcb85e"
      }
    },
    {
      "SurveyID": "SV_cT0X9SSp3DlWBJI",
      "Element": "PROJ",
      "PrimaryAttribute": "CORE",
      "SecondaryAttribute": null,
      "TertiaryAttribute": "1.1.0",
      "Payload": {
        "ProjectCategory": "CORE",
        "SchemaVersion": "1.1.0"
      }
    },
    {
      "SurveyID": "SV_cT0X9SSp3DlWBJI",
      "Element": "QC",
      "PrimaryAttribute": "Survey Question Count",
      "SecondaryAttribute": "6",
      "TertiaryAttribute": null,
      "Payload": null
    },
    {
      "SurveyID": "SV_cT0X9SSp3DlWBJI",
      "Element": "RS",
      "PrimaryAttribute": "RS_bpARVOzWxbVM7D8",
      "SecondaryAttribute": "Default Response Set",
      "TertiaryAttribute": null,
      "Payload": null
    },
    {
      "SurveyID": "SV_cT0X9SSp3DlWBJI",
      "Element": "SCO",
      "PrimaryAttribute": "Scoring",
      "SecondaryAttribute": null,
      "TertiaryAttribute": null,
      "Payload": {
        "ScoringCategories": [],
        "ScoringCategoryGroups": [],
        "ScoringSummaryCategory": null,
        "ScoringSummaryAfterQuestions": 0,
        "ScoringSummaryAfterSurvey": 0,
        "DefaultScoringCategory": null,
        "AutoScoringCategory": null
      }
    },
    {
      "SurveyID": "SV_cT0X9SSp3DlWBJI",
      "Element": "SO",
      "PrimaryAttribute": "Survey Options",
      "SecondaryAttribute": null,
      "TertiaryAttribute": null,
      "Payload": {
        "BackButton": "false",
        "SaveAndContinue": "true",
        "SurveyProtection": "PublicSurvey",
        "BallotBoxStuffingPrevention": "false",
        "NoIndex": "Yes",
        "SecureResponseFiles": "true",
        "SurveyExpiration": "None",
        "SurveyTermination": "DefaultMessage",
        "Header": "",
        "Footer": "",
        "ProgressBarDisplay": "Text",
        "PartialData": "+1 week",
        "ValidationMessage": "",
        "PreviousButton": " ← ",
        "NextButton": " → ",
        "SurveyTitle": "Qualtrics Survey | Qualtrics Experience Management",
        "SkinLibrary": "rotman",
        "SkinType": "templated",
        "Skin": {
          "brandingId": null,
          "templateId": "*modern",
          "overrides": null
        },
        "NewScoring": 1,
        "SurveyMetaDescription": "The most powerful, simple and trusted way to gather experience data. Start your journey to experience management and try a free account today.",
        "CustomStyles": {
          "customCSS": ".Skin, .SkinInner {width:100% !important;}\n.Skin .QuestionOuter.Matrix{ max-width: 100%; }\n\n.question-display{\n  width: 100% !important;\n  min-width: 100% !important;\n}"
        }
      }
    },
    {
      "SurveyID": "SV_cT0X9SSp3DlWBJI",
      "Element": "SQ",
      "PrimaryAttribute": "QID1",
      "SecondaryAttribute": "Consent Form for System Evaluation Student Principal Investigator: Oliver Huang, University of To...",
      "TertiaryAttribute": null,
      "Payload": {
        "QuestionText": "<div style=\"font-family: Arial, sans-serif; max-width: 800px; margin: 24px auto; line-height: 1.6;\">\n\n  \n  <div style=\"background:#f9fbfd; border:1px solid #d0d7de; border-radius:12px; padding:20px; margin-bottom:20px; box-shadow:0 2px 6px rgba(0,0,0,0.06);\">\n    <h1 style=\"color:#0b6fa4; margin:0 0 8px;\">Consent Form for System Evaluation</h1>\n    <p style=\"margin:4px 0;\"><b>Student Principal Investigator:</b> Oliver Huang, University of Toronto</p>\n    <p style=\"margin:4px 0;\"><b>Study Title:</b> Exploring Data Narratives with Interactive Analysis Tools</p>\n    <p style=\"margin:4px 0;\"><b>Supported By:</b> University of Toronto</p>\n  </div>\n\n  \n  <div style=\"background:#ffffff; border:1px solid #e5e7eb; border-radius:10px; padding:20px; margin-bottom:18px;\">\n    <h2 style=\"color:#0f6cab; margin-top:0;\">What is this study about?</h2>\n    <p>\n      You are invited to participate in a study evaluating how people turn <b>vague questions or hunches</b> into\n      <b>charts and insights</b> using an interactive analysis system. \n      We are studying how different scaffolds support <b>exploration, reflection, and reasoning</b>.\n    </p>\n  </div>\n\n  \n  <div style=\"background:#ffffff; border:1px solid #e5e7eb; border-radius:10px; padding:20px; margin-bottom:18px;\">\n    <h2 style=\"color:#0f6cab; margin-top:0;\">What will I do?</h2>\n    <ul>\n      <li>Work with the system to explore data, starting from vague prompts (e.g., “Africa continues to draw attention”).</li>\n      <li>Check and refine charts suggested by the system.</li>\n      <li>Provide feedback on how easy it was to explore, reflect, and explain reasoning.</li>\n    </ul>\n    <p>The session will take about <b>30-40 minutes</b>.</p>\n  </div>\n\n  \n  <div style=\"background:#fffef7; border:1px solid #f0e6b6; border-radius:10px; padding:20px; margin-bottom:18px;\">\n    <h2 style=\"color:#7a5c00; margin-top:0;\">Risks & Benefits</h2>\n    <p>\n      There are <b>no known risks</b> to participating. Your responses may help improve the design of future\n      tools for data exploration and reasoning. You may also find the process useful for reflecting on your own\n      decision-making.\n    </p>\n  </div>\n\n  \n  <div style=\"background:#fffef7; border:1px solid #f0e6b6; border-radius:10px; padding:20px; margin-bottom:18px;\">\n    <h2 style=\"color:#7a5c00; margin-top:0;\">Voluntary Participation</h2>\n    <p>\n      Taking part is voluntary. You may withdraw at any time without penalty. Your data will be kept confidential\n      and analyzed only in aggregate.\n    </p>\n  </div>\n\n  \n  <div style=\"background:#e8f5e9; border:1px solid #a5d6a7; border-radius:10px; padding:20px; box-shadow:0 2px 6px rgba(0,0,0,0.04);\">\n    <p style=\"margin:0; font-weight:bold;\">\n      By clicking “I consent” below, you confirm that you are at least 18 years old and agree to participate in this system evaluation study. \n      Participation is voluntary, and you may withdraw at any time without penalty.\n    </p>\n  </div>\n\n</div>\n",
        "DataExportTag": "consent",
        "QuestionType": "MC",
        "Selector": "SAVR",
        "SubSelector": "TX",
        "DataVisibility": {
          "Private": false,
          "Hidden": false
        },
        "Configuration": {
          "QuestionDescriptionOption": "UseText"
        },
        "QuestionDescription": "Consent Form for System Evaluation Student Principal Investigator: Oliver Huang, University of To...",
        "Choices": {
          "1": {
            "Display": "I consent"
          },
          "2": {
            "Display": "I do not consent"
          }
        },
        "ChoiceOrder": [
          "1",
          "2"
        ],
        "Validation": {
          "Settings": {
            "ForceResponse": "ON",
            "ForceResponseType": "ON",
            "Type": "None"
          }
        },
        "Language": [],
        "NextChoiceId": 4,
        "NextAnswerId": 1,
        "QuestionID": "QID1"
      }
    },
    {
      "SurveyID": "SV_cT0X9SSp3DlWBJI",
      "Element": "SQ",
      "PrimaryAttribute": "QID2",
      "SecondaryAttribute": "User's Vague Prompt \"Certain regions are reportedly safer than others.\" AI-Generated Chart Plan S...",
      "TertiaryAttribute": null,
      "Payload": {
        "QuestionText": "<div style=\"font-family: Arial, sans-serif; margin: 24px auto; line-height: 1.6;\">\n\n  <div style=\"background:#fff3cd; border:1px solid #f0c36d; border-radius:12px; padding:24px; margin-bottom:20px; box-shadow:0 2px 6px rgba(0,0,0,0.06); text-align:center;\">\n    <h2 style=\"color:#7a5c00; margin:0; font-size:22px;\">User's Vague Prompt</h2>\n    <p style=\"margin:10px 0 0; font-size:20px; font-weight:bold; color:#333;\">\n      \"Certain regions are reportedly safer than others.\"\n    </p>\n  </div>\n\n  <div style=\"background:#ffffff; border:1px solid #e5e7eb; border-radius:10px; padding:20px; margin-bottom:24px;\">\n    <h3 style=\"color:#0f6cab; margin-top:0; font-size:18px;\">AI-Generated Chart Plan</h3>\n\n    <div style=\"margin-bottom:16px;\">\n      <p style=\"margin:0; font-weight:bold; font-size:16px;\">Safety Score by Region</p>\n      <p style=\"margin:2px 0; color:#555;\"><i>Bar chart</i></p>\n      <p style=\"margin:4px 0;\">The 'Safety Score by Region' bar chart reveals how different regions rank in terms of safety, with North America, Europe, and Asia each having distinct safety scores, which can help you prioritize safety in your travel planning.</p>\n    </div>\n\n    <div style=\"margin-bottom:16px;\">\n      <p style=\"margin:0; font-weight:bold; font-size:16px;\">Safety vs Popularity</p>\n      <p style=\"margin:2px 0; color:#555;\"><i>Bubble chart</i></p>\n      <p style=\"margin:4px 0;\">The 'Safety vs Popularity' scatter plot shows the relationship between safety scores and popularity scores for North America, Europe, and Asia, highlighting that popular destinations may not always be the safest.</p>\n    </div>\n\n    <div style=\"margin-bottom:16px;\">\n      <p style=\"margin:0; font-weight:bold; font-size:16px;\">Safety Score Trends</p>\n      <p style=\"margin:2px 0; color:#555;\"><i>Line chart</i></p>\n      <p style=\"margin:4px 0;\">The 'Safety Score Trends' line chart shows how safety scores for North America, Europe, and Asia have changed over time, allowing you to understand the safety trajectory of these regions for future travel planning.</p>\n    </div>\n\n    <div>\n      <p style=\"margin:0; font-weight:bold; font-size:16px;\">Safety Score Distribution</p>\n      <p style=\"margin:2px 0; color:#555;\"><i>Pie chart</i></p>\n      <p style=\"margin:4px 0;\">The 'Safety Score Distribution' pie chart illustrates the proportion of safety scores across North America, Europe, and Asia, giving you a quick overview of safety distribution to guide your destination selection.</p>\n    </div>\n  </div>\n</div>",
        "DefaultChoices": false,
        "DataExportTag": "A-1",
        "QuestionType": "Matrix",
        "Selector": "Likert",
        "SubSelector": "SingleAnswer",
        "DataVisibility": {
          "Private": false,
          "Hidden": false
        },
        "Configuration": {
          "QuestionDescriptionOption": "UseText",
          "TextPosition": "inline",
          "ChoiceColumnWidth": 25,
          "RepeatHeaders": "none",
          "WhiteSpace": "OFF",
          "MobileFirst": true
        },
        "QuestionDescription": "User's Vague Prompt \"Certain regions are reportedly safer than others.\" AI-Generated Chart Plan S...",
        "Choices": {
          "1": {
            "Display": "Does the generated chart plan match the intent of the vague prompt?"
          },
          "2": {
            "Display": "Does the generated chart plan have the potential to support further exploration?"
          }
        },
        "ChoiceOrder": [
          "1",
          "2"
        ],
        "Validation": {
          "Settings": {
            "ForceResponse": "ON",
            "ForceResponseType": "ON",
            "Type": "None"
          }
        },
        "GradingData": [],
        "Language": [],
        "NextChoiceId": 4,
        "NextAnswerId": 8,
        "Answers": {
          "1": {
            "Display": "1"
          },
          "2": {
            "Display": "2"
          },
          "3": {
            "Display": "3"
          },
          "4": {
            "Display": "4"
          },
          "5": {
            "Display": "5"
          },
          "6": {
            "Display": "6"
          },
          "7": {
            "Display": "7"
          }
        },
        "AnswerOrder": [
          "1",
          "2",
          "3",
          "4",
          "5",
          "6",
          "7"
        ],
        "ChoiceDataExportTags": false,
        "QuestionID": "QID2",
        "ColumnLabels": [
          {
            "Display": "Strongly Disagree",
            "IsLabelDefault": false
          },
          {
            "Display": "Strongly Agree",
            "IsLabelDefault": false
          }
        ]
      }
    },
    {
      "SurveyID": "SV_cT0X9SSp3DlWBJI",
      "Element": "SQ",
      "PrimaryAttribute": "QID3",
      "SecondaryAttribute": "(Optional) Please explain your rating",
      "TertiaryAttribute": null,
      "Payload": {
        "QuestionText": "(Optional)&nbsp;Please explain your rating",
        "DefaultChoices": false,
        "DataExportTag": "A-1f",
        "QuestionType": "TE",
        "Selector": "ML",
        "DataVisibility": {
          "Private": false,
          "Hidden": false
        },
        "Configuration": {
          "QuestionDescriptionOption": "UseText"
        },
        "QuestionDescription": "(Optional) Please explain your rating",
        "Validation": {
          "Settings": {
            "ForceResponse": "OFF",
            "Type": "None"
          }
        },
        "GradingData": [],
        "Language": [],
        "NextChoiceId": 4,
        "NextAnswerId": 1,
        "SearchSource": {
          "AllowFreeResponse": "false"
        },
        "QuestionID": "QID3"
      }
    },
    {
      "SurveyID": "SV_cT0X9SSp3DlWBJI",
      "Element": "SQ",
      "PrimaryAttribute": "QID4",
      "SecondaryAttribute": "Instructions Below are 50 vague promptschart plan generated by a large language model (LLM). Thes...",
      "TertiaryAttribute": null,
      "Payload": {
        "QuestionText": "<div style=\"font-family: Arial, sans-serif; margin: 24px auto; line-height: 1.6;\">\n\n  <div style=\"background:#e8f4fd; border:1px solid #b6d4fe; border-radius:12px; padding:24px; margin-bottom:24px; box-shadow:0 2px 6px rgba(0,0,0,0.06);\">\n    <h2 style=\"color:#0b6fa4; margin:0 0 12px; font-size:22px;\">Instructions</h2>\n    <p style=\"margin:8px 0; font-size:16px; color:#333;\">\n      Below are <b>50 vague prompts</b that we collected from real user inquiries.  \n      For each prompt, you will also see the <b>chart plan generated by a large language model (LLM)</b>.  \n      These charts are based on a dataset that can support the suggested visualizations.\n    </p>\n    <p style=\"margin:12px 0; font-size:16px; color:#333;\">\n      Your job is to <b>rate whether you agree with the LLM’s output plan</b>.  \n      Please be <b>generous in your judgment</b> — the plan does not need to be perfect.  \n      As long as the suggested charts are <b>reasonable and relevant</b> to the vague prompt, you may consider them acceptable.\n    </p>\n    <p style=\"margin:12px 0 0; font-size:16px; font-weight:bold; color:#444;\">\n      You will rate each plan on:\n    </p>\n    <ul style=\"margin:8px 0 0 20px; padding:0; color:#333; font-size:15px;\">\n      <li><b>Does the generated chart plan match the intent of the vague prompt?</b> (1 = Not at all, 7 = Completely)</li>\n      <li><b>Does the generated chart plan have the potential to support further exploration?</b> (1 = Not at all, 7 = Definitely)</li>\n    </ul>\n  </div>\n\n</div>\n",
        "DefaultChoices": false,
        "DataExportTag": "A-0",
        "QuestionType": "DB",
        "Selector": "TB",
        "DataVisibility": {
          "Private": false,
          "Hidden": false
        },
        "Configuration": {
          "QuestionDescriptionOption": "UseText"
        },
        "QuestionDescription": "Instructions Below are 50 vague promptschart plan generated by a large language model (LLM). Thes...",
        "ChoiceOrder": [],
        "Validation": {
          "Settings": {
            "Type": "None"
          }
        },
        "GradingData": [],
        "Language": [],
        "NextChoiceId": 4,
        "NextAnswerId": 1,
        "QuestionID": "QID4"
      }
    },
    {
      "SurveyID": "SV_cT0X9SSp3DlWBJI",
      "Element": "SQ",
      "PrimaryAttribute": "QID5",
      "SecondaryAttribute": "User's Vague Prompt \"Africa continues to draw a lot of attention.\" AI-Generated Chart Plan Popula...",
      "TertiaryAttribute": null,
      "Payload": {
        "QuestionText": "<div style=\"font-family: Arial, sans-serif; margin: 24px auto; line-height: 1.6;\">\n\n  \n  <div style=\"background:#fff3cd; border:1px solid #f0c36d; border-radius:12px; padding:24px; margin-bottom:20px; box-shadow:0 2px 6px rgba(0,0,0,0.06); text-align:center;\">\n    <h2 style=\"color:#7a5c00; margin:0; font-size:22px;\">User's Vague Prompt</h2>\n    <p style=\"margin:10px 0 0; font-size:20px; font-weight:bold; color:#333;\">\n      \"Africa continues to draw a lot of attention.\"\n    </p>\n  </div>\n\n  \n  <div style=\"background:#ffffff; border:1px solid #e5e7eb; border-radius:10px; padding:20px; margin-bottom:24px;\">\n    <h3 style=\"color:#0f6cab; margin-top:0; font-size:18px;\">AI-Generated Chart Plan</h3>\n\n    <div style=\"margin-bottom:16px;\">\n      <p style=\"margin:0; font-weight:bold; font-size:16px;\">Popularity of Africa Over Time</p>\n      <p style=\"margin:2px 0; color:#555;\"><i>Line chart</i></p>\n      <p style=\"margin:4px 0;\">The 'Popularity of Africa Over Time' line chart shows how the interest in visiting Africa has grown over the years, suggesting an increasing appeal of the continent for tourists.</p>\n    </div>\n\n    <div style=\"margin-bottom:16px;\">\n      <p style=\"margin:0; font-weight:bold; font-size:16px;\">Comparative Popularity of Regions</p>\n      <p style=\"margin:2px 0; color:#555;\"><i>Bar chart</i></p>\n      <p style=\"margin:4px 0;\">The 'Comparative Popularity of Regions' bar chart contrasts Africa's appeal with Asia and Europe, providing an understanding of how Africa's tourism performance stacks up against other regions.</p>\n    </div>\n\n    <div style=\"margin-bottom:16px;\">\n      <p style=\"margin:0; font-weight:bold; font-size:16px;\">Popularity vs Safety in Africa</p>\n      <p style=\"margin:2px 0; color:#555;\"><i>Bubble chart</i></p>\n      <p style=\"margin:4px 0;\">The 'Popularity vs Safety in Africa' scatter plot indicates the correlation between the popularity of African destinations and their safety ratings, allowing travelers to weigh their options carefully.</p>\n    </div>\n\n    <div>\n      <p style=\"margin:0; font-weight:bold; font-size:16px;\">Africa's Popularity Breakdown by Country</p>\n      <p style=\"margin:2px 0; color:#555;\"><i>Pie chart</i></p>\n      <p style=\"margin:4px 0;\">The 'Africa's Popularity Breakdown by Country' pie chart reveals the relative popularity of different African countries like Egypt, South Africa, and Morocco, offering insight into which destinations are the most frequented within the continent.</p>\n    </div>\n  </div>\n  </div>\n\n</div>",
        "DefaultChoices": false,
        "DataExportTag": "A-2",
        "QuestionType": "Matrix",
        "Selector": "Likert",
        "SubSelector": "SingleAnswer",
        "DataVisibility": {
          "Private": false,
          "Hidden": false
        },
        "Configuration": {
          "QuestionDescriptionOption": "UseText",
          "TextPosition": "inline",
          "ChoiceColumnWidth": 25,
          "RepeatHeaders": "none",
          "WhiteSpace": "OFF",
          "MobileFirst": true
        },
        "QuestionDescription": "User's Vague Prompt \"Africa continues to draw a lot of attention.\" AI-Generated Chart Plan Popula...",
        "Choices": {
          "1": {
            "Display": "Does the generated chart plan match the intent of the vague prompt?"
          },
          "2": {
            "Display": "Does the generated chart plan have the potential to support further exploration?"
          }
        },
        "ChoiceOrder": [
          "1",
          "2"
        ],
        "Validation": {
          "Settings": {
            "ForceResponse": "ON",
            "ForceResponseType": "ON",
            "Type": "None"
          }
        },
        "GradingData": [],
        "Language": [],
        "NextChoiceId": 4,
        "NextAnswerId": 8,
        "ColumnLabels": [
          {
            "Display": "Strongly Disagree",
            "IsLabelDefault": false
          },
          {
            "Display": "Strongly Agree",
            "IsLabelDefault": false
          }
        ],
        "Answers": {
          "1": {
            "Display": "1"
          },
          "2": {
            "Display": "2"
          },
          "3": {
            "Display": "3"
          },
          "4": {
            "Display": "4"
          },
          "5": {
            "Display": "5"
          },
          "6": {
            "Display": "6"
          },
          "7": {
            "Display": "7"
          }
        },
        "AnswerOrder": [
          "1",
          "2",
          "3",
          "4",
          "5",
          "6",
          "7"
        ],
        "ChoiceDataExportTags": false,
        "QuestionID": "QID5"
      }
    },
    {
      "SurveyID": "SV_cT0X9SSp3DlWBJI",
      "Element": "SQ",
      "PrimaryAttribute": "QID6",
      "SecondaryAttribute": "(Optional) Please explain your rating",
      "TertiaryAttribute": null,
      "Payload": {
        "QuestionText": "(Optional)&nbsp;Please explain your rating",
        "DefaultChoices": false,
        "DataExportTag": "A-2f",
        "QuestionType": "TE",
        "Selector": "ML",
        "DataVisibility": {
          "Private": false,
          "Hidden": false
        },
        "Configuration": {
          "QuestionDescriptionOption": "UseText"
        },
        "QuestionDescription": "(Optional) Please explain your rating",
        "Validation": {
          "Settings": {
            "ForceResponse": "OFF",
            "Type": "None"
          }
        },
        "GradingData": [],
        "Language": [],
        "NextChoiceId": 4,
        "NextAnswerId": 1,
        "SearchSource": {
          "AllowFreeResponse": "false"
        },
        "QuestionID": "QID6"
      }
    },
    {
      "SurveyID": "SV_cT0X9SSp3DlWBJI",
      "Element": "STAT",
      "PrimaryAttribute": "Survey Statistics",
      "SecondaryAttribute": null,
      "TertiaryAttribute": null,
      "Payload": {
        "MobileCompatible": true,
        "ID": "Survey Statistics"
      }
    }
  ]
}